
Microsoft Visual Studio Solution File, Format Version 12.00
# Visual Studio Version 16
VisualStudioVersion = 16.0.31515.178
MinimumVisualStudioVersion = 10.0.40219.1
Project("{FAE04EC0-301F-11D3-BF4B-00C04F79EFBC}") = "Chat_Blue", "Chat_Blue.csproj", "{2E5C8F67-272C-4567-9FE0-88855B31EA0C}"
EndProject
Global
	GlobalSection(SolutionConfigurationPlatforms) = preSolution
		Debug|Any CPU = Debug|Any CPU
		Release|Any CPU = Release|Any CPU
	EndGlobalSection
	GlobalSection(ProjectConfigurationPlatforms) = postSolution
		{2E5C8F67-272C-4567-9FE0-88855B31EA0C}.Debug|Any CPU.ActiveCfg = Debug|Any CPU
		{2E5C8F67-272C-4567-9FE0-88855B31EA0C}.Debug|Any CPU.Build.0 = Debug|Any CPU
		{2E5C8F67-272C-4567-9FE0-88855B31EA0C}.Release|Any CPU.ActiveCfg = Release|Any CPU
		{2E5C8F67-272C-4567-9FE0-88855B31EA0C}.Release|Any CPU.Build.0 = Release|Any CPU
	EndGlobalSection
	GlobalSection(SolutionProperties) = preSolution
		HideSolutionNode = FALSE
	EndGlobalSection
	GlobalSection(ExtensibilityGlobals) = postSolution
		SolutionGuid = {F4EE5572-8941-407F-BD6C-69A6F1B099BD}
	EndGlobalSection
EndGlobal
